// !$*UTF8*$!
{
	archiveVersion = 1;
	classes = {};
	objectVersion = 77;
	objects = {

/* Begin PBXBuildFile section */
		A10000000000000000000001 /* LibtorrentHarnessApp.swift in Sources */ = {isa = PBXBuildFile; fileRef = A20000000000000000000001 /* LibtorrentHarnessApp.swift */; };
		A10000000000000000000002 /* ContentView.swift in Sources */ = {isa = PBXBuildFile; fileRef = A20000000000000000000002 /* ContentView.swift */; };
		A10000000000000000000003 /* HarnessModel.swift in Sources */ = {isa = PBXBuildFile; fileRef = A20000000000000000000003 /* HarnessModel.swift */; };
		A10000000000000000000004 /* cacert-2026-08-13.pem in Resources */ = {isa = PBXBuildFile; fileRef = A20000000000000000000005 /* cacert-2026-08-13.pem */; };
		A10000000000000000000005 /* LibtorrentKit in Frameworks */ = {isa = PBXBuildFile; productRef = A80000000000000000000001 /* LibtorrentKit */; };
		A10000000000000000000006 /* OpenSSL.xcframework in Frameworks */ = {isa = PBXBuildFile; fileRef = A20000000000000000000007 /* OpenSSL.xcframework */; };
		A10000000000000000000007 /* OpenSSL.xcframework in Embed Frameworks */ = {isa = PBXBuildFile; fileRef = A20000000000000000000007 /* OpenSSL.xcframework */; settings = {ATTRIBUTES = (CodeSignOnCopy, RemoveHeadersOnCopy, ); }; };
/* End PBXBuildFile section */

/* Begin PBXCopyFilesBuildPhase section */
		A30000000000000000000004 /* Embed Frameworks */ = {isa = PBXCopyFilesBuildPhase; buildActionMask = 2147483647; dstPath = ""; dstSubfolderSpec = 10; files = (A10000000000000000000007 /* OpenSSL.xcframework in Embed Frameworks */,); name = "Embed Frameworks"; runOnlyForDeploymentPostprocessing = 0; };
/* End PBXCopyFilesBuildPhase section */

/* Begin PBXFileReference section */
		A20000000000000000000001 /* LibtorrentHarnessApp.swift */ = {isa = PBXFileReference; lastKnownFileType = sourcecode.swift; path = LibtorrentHarnessApp.swift; sourceTree = "<group>"; };
		A20000000000000000000002 /* ContentView.swift */ = {isa = PBXFileReference; lastKnownFileType = sourcecode.swift; path = ContentView.swift; sourceTree = "<group>"; };
		A20000000000000000000003 /* HarnessModel.swift */ = {isa = PBXFileReference; lastKnownFileType = sourcecode.swift; path = HarnessModel.swift; sourceTree = "<group>"; };
		A20000000000000000000004 /* Info.plist */ = {isa = PBXFileReference; lastKnownFileType = text.plist.xml; path = Info.plist; sourceTree = "<group>"; };
		A20000000000000000000005 /* cacert-2026-08-13.pem */ = {isa = PBXFileReference; lastKnownFileType = text; path = ../Vendor/cacert-2026-08-13.pem; sourceTree = SOURCE_ROOT; };
		A20000000000000000000006 /* LibtorrentHarness.app */ = {isa = PBXFileReference; explicitFileType = wrapper.application; includeInIndex = 0; path = LibtorrentHarness.app; sourceTree = BUILT_PRODUCTS_DIR; };
		A20000000000000000000007 /* OpenSSL.xcframework */ = {isa = PBXFileReference; lastKnownFileType = wrapper.xcframework; path = ../Vendor/OpenSSL.xcframework; sourceTree = SOURCE_ROOT; };
/* End PBXFileReference section */

/* Begin PBXFrameworksBuildPhase section */
		A30000000000000000000001 /* Frameworks */ = {isa = PBXFrameworksBuildPhase; buildActionMask = 2147483647; files = (A10000000000000000000005 /* LibtorrentKit in Frameworks */, A10000000000000000000006 /* OpenSSL.xcframework in Frameworks */,); runOnlyForDeploymentPostprocessing = 0; };
/* End PBXFrameworksBuildPhase section */

/* Begin PBXGroup section */
		A40000000000000000000001 = {isa = PBXGroup; children = (A40000000000000000000002 /* LibtorrentHarness */, A40000000000000000000003 /* Products */, A20000000000000000000005 /* cacert-2026-08-13.pem */, A20000000000000000000007 /* OpenSSL.xcframework */,); sourceTree = "<group>"; };
		A40000000000000000000002 /* LibtorrentHarness */ = {isa = PBXGroup; children = (A20000000000000000000001, A20000000000000000000002, A20000000000000000000003, A20000000000000000000004,); path = LibtorrentHarness; sourceTree = "<group>"; };
		A40000000000000000000003 /* Products */ = {isa = PBXGroup; children = (A20000000000000000000006,); name = Products; sourceTree = "<group>"; };
/* End PBXGroup section */

/* Begin PBXNativeTarget section */
		A50000000000000000000001 /* LibtorrentHarness */ = {
			isa = PBXNativeTarget;
			buildConfigurationList = A60000000000000000000002;
			buildPhases = (A30000000000000000000002 /* Sources */, A30000000000000000000001 /* Frameworks */, A30000000000000000000003 /* Resources */, A30000000000000000000004 /* Embed Frameworks */,);
			buildRules = ();
			dependencies = ();
			name = LibtorrentHarness;
			packageProductDependencies = (A80000000000000000000001 /* LibtorrentKit */,);
			productName = LibtorrentHarness;
			productReference = A20000000000000000000006;
			productType = "com.apple.product-type.application";
		};
/* End PBXNativeTarget section */

/* Begin PBXProject section */
		A50000000000000000000002 /* Project object */ = {
			isa = PBXProject;
			attributes = {BuildIndependentTargetsInParallel = 1; LastSwiftUpdateCheck = 2660; LastUpgradeCheck = 2660; TargetAttributes = {A50000000000000000000001 = {CreatedOnToolsVersion = 26.6; }; }; };
			buildConfigurationList = A60000000000000000000001;
			developmentRegion = en;
			hasScannedForEncodings = 0;
			knownRegions = (en, Base,);
			mainGroup = A40000000000000000000001;
			minimizedProjectReferenceProxies = 1;
			packageReferences = (A70000000000000000000001 /* XCLocalSwiftPackageReference ".." */,);
			preferredProjectObjectVersion = 77;
			productRefGroup = A40000000000000000000003;
			projectDirPath = "";
			projectRoot = "";
			targets = (A50000000000000000000001,);
		};
/* End PBXProject section */

/* Begin PBXResourcesBuildPhase section */
		A30000000000000000000003 /* Resources */ = {isa = PBXResourcesBuildPhase; buildActionMask = 2147483647; files = (A10000000000000000000004 /* cacert-2026-08-13.pem in Resources */,); runOnlyForDeploymentPostprocessing = 0; };
/* End PBXResourcesBuildPhase section */

/* Begin PBXSourcesBuildPhase section */
		A30000000000000000000002 /* Sources */ = {isa = PBXSourcesBuildPhase; buildActionMask = 2147483647; files = (A10000000000000000000001, A10000000000000000000002, A10000000000000000000003,); runOnlyForDeploymentPostprocessing = 0; };
/* End PBXSourcesBuildPhase section */

/* Begin XCBuildConfiguration section */
		A90000000000000000000001 /* Debug */ = {isa = XCBuildConfiguration; buildSettings = {CLANG_CXX_LANGUAGE_STANDARD = "gnu++17"; IPHONEOS_DEPLOYMENT_TARGET = 17.0; SDKROOT = iphoneos; SWIFT_VERSION = 6.0; }; name = Debug; };
		A90000000000000000000002 /* Release */ = {isa = XCBuildConfiguration; buildSettings = {CLANG_CXX_LANGUAGE_STANDARD = "gnu++17"; IPHONEOS_DEPLOYMENT_TARGET = 17.0; SDKROOT = iphoneos; SWIFT_COMPILATION_MODE = wholemodule; SWIFT_VERSION = 6.0; }; name = Release; };
		A90000000000000000000003 /* Debug */ = {isa = XCBuildConfiguration; buildSettings = {ALWAYS_SEARCH_USER_PATHS = NO; ASSETCATALOG_COMPILER_GENERATE_SWIFT_ASSET_SYMBOL_EXTENSIONS = YES; CODE_SIGN_STYLE = Automatic; CURRENT_PROJECT_VERSION = 1; DEVELOPMENT_TEAM = PS72Y43V2A; GENERATE_INFOPLIST_FILE = NO; INFOPLIST_FILE = LibtorrentHarness/Info.plist; IPHONEOS_DEPLOYMENT_TARGET = 17.0; LD_RUNPATH_SEARCH_PATHS = ("$(inherited)", "@executable_path/Frameworks",); MARKETING_VERSION = 0.1; PRODUCT_BUNDLE_IDENTIFIER = huseyinkeles.LibtorrentHarness; PRODUCT_NAME = "$(TARGET_NAME)"; SWIFT_EMIT_LOC_STRINGS = YES; SWIFT_STRICT_CONCURRENCY = complete; SWIFT_VERSION = 6.0; TARGETED_DEVICE_FAMILY = "1,2"; }; name = Debug; };
		A90000000000000000000004 /* Release */ = {isa = XCBuildConfiguration; buildSettings = {ALWAYS_SEARCH_USER_PATHS = NO; ASSETCATALOG_COMPILER_GENERATE_SWIFT_ASSET_SYMBOL_EXTENSIONS = YES; CODE_SIGN_STYLE = Automatic; CURRENT_PROJECT_VERSION = 1; DEVELOPMENT_TEAM = PS72Y43V2A; GENERATE_INFOPLIST_FILE = NO; INFOPLIST_FILE = LibtorrentHarness/Info.plist; IPHONEOS_DEPLOYMENT_TARGET = 17.0; LD_RUNPATH_SEARCH_PATHS = ("$(inherited)", "@executable_path/Frameworks",); MARKETING_VERSION = 0.1; PRODUCT_BUNDLE_IDENTIFIER = huseyinkeles.LibtorrentHarness; PRODUCT_NAME = "$(TARGET_NAME)"; SWIFT_EMIT_LOC_STRINGS = YES; SWIFT_STRICT_CONCURRENCY = complete; SWIFT_VERSION = 6.0; TARGETED_DEVICE_FAMILY = "1,2"; }; name = Release; };
/* End XCBuildConfiguration section */

/* Begin XCConfigurationList section */
		A60000000000000000000001 /* Project config */ = {isa = XCConfigurationList; buildConfigurations = (A90000000000000000000001, A90000000000000000000002,); defaultConfigurationIsVisible = 0; defaultConfigurationName = Release; };
		A60000000000000000000002 /* Target config */ = {isa = XCConfigurationList; buildConfigurations = (A90000000000000000000003, A90000000000000000000004,); defaultConfigurationIsVisible = 0; defaultConfigurationName = Release; };
/* End XCConfigurationList section */

/* Begin XCLocalSwiftPackageReference section */
		A70000000000000000000001 /* XCLocalSwiftPackageReference ".." */ = {isa = XCLocalSwiftPackageReference; relativePath = ..; };
/* End XCLocalSwiftPackageReference section */

/* Begin XCSwiftPackageProductDependency section */
		A80000000000000000000001 /* LibtorrentKit */ = {isa = XCSwiftPackageProductDependency; productName = LibtorrentKit; };
/* End XCSwiftPackageProductDependency section */
	};
	rootObject = A50000000000000000000002 /* Project object */;
}
